<?xml version="1.0" encoding="UTF-8" standalone="yes" ?>
<CodeBlocks_project_file>
	<FileVersion major="1" minor="6" />
	<Project>
		<Option title="Wordle" />
		<Option pch_mode="2" />
		<Option compiler="gcc" />
		<Build>
			<Target title="Debug">
				<Option output="bin/Debug/Wordle" prefix_auto="1" extension_auto="1" />
				<Option object_output="obj/Debug/" />
				<Option type="1" />
				<Option compiler="gcc" />
				<Compiler>
					<Add option="-g" />
					<Add directory="View" />
					<Add directory="./" />
					<Add directory="Model" />
				</Compiler>
			</Target>
		</Build>
		<Compiler>
			<Add option="`fltk-config --cxxflags`" />
		</Compiler>
		<Linker>
			<Add option="`fltk-config --ldstaticflags`" />
		</Linker>
		<Unit filename="Model/FileReader.cpp" />
		<Unit filename="Model/FileReader.h" />
		<Unit filename="Model/User.cpp" />
		<Unit filename="Model/User.h" />
		<Unit filename="Model/UserList.cpp" />
		<Unit filename="Model/UserList.h" />
		<Unit filename="Model/Words.cpp" />
		<Unit filename="Model/Words.h" />
		<Unit filename="UserProfileWindow.cpp" />
		<Unit filename="UserProfileWindow.h" />
		<Unit filename="View/WordleGameWindow.cpp" />
		<Unit filename="View/WordleGameWindow.h" />
		<Unit filename="View/WordleStartUpWindow.cpp" />
		<Unit filename="View/WordleStartUpWindow.h" />
		<Unit filename="main.cpp" />
		<Extensions>
			<lib_finder disable_auto="1" />
		</Extensions>
	</Project>
</CodeBlocks_project_file>
